
Microsoft Visual Studio Solution File, Format Version 12.00
# Visual Studio Version 17
VisualStudioVersion = 17.14.36414.22 d17.14
MinimumVisualStudioVersion = 10.0.40219.1
Project("{FAE04EC0-301F-11D3-BF4B-00C04F79EFBC}") = "DaperDemo", "DaperDemo\DaperDemo.csproj", "{61D789DD-9468-4C17-BC3A-768EF9C4B61D}"
EndProject
Global
	GlobalSection(SolutionConfigurationPlatforms) = preSolution
		Debug|Any CPU = Debug|Any CPU
		Release|Any CPU = Release|Any CPU
	EndGlobalSection
	GlobalSection(ProjectConfigurationPlatforms) = postSolution
		{61D789DD-9468-4C17-BC3A-768EF9C4B61D}.Debug|Any CPU.ActiveCfg = Debug|Any CPU
		{61D789DD-9468-4C17-BC3A-768EF9C4B61D}.Debug|Any CPU.Build.0 = Debug|Any CPU
		{61D789DD-9468-4C17-BC3A-768EF9C4B61D}.Release|Any CPU.ActiveCfg = Release|Any CPU
		{61D789DD-9468-4C17-BC3A-768EF9C4B61D}.Release|Any CPU.Build.0 = Release|Any CPU
	EndGlobalSection
	GlobalSection(SolutionProperties) = preSolution
		HideSolutionNode = FALSE
	EndGlobalSection
	GlobalSection(ExtensibilityGlobals) = postSolution
		SolutionGuid = {703CABEE-AA77-4A64-A21F-9B09BFD85D11}
	EndGlobalSection
EndGlobal
